{
  "name": "telegram-call",
  "version": "0.2.0",
  "lockfileVersion": 3,
  "requires": true,
  "packages": {
    "": {
      "name": "telegram-call",
      "version": "0.2.0",
      "license": "MIT",
      "engines": {
        "node": ">=18"
      },
      "peerDependencies": {
        "openclaw": ">=2026.2 <2027"
      }
    }
  }
}
